// !$*UTF8*$!
{
	archiveVersion = 1;
	classes = {
	};
	objectVersion = 50;
	objects = {

/* Begin PBXBuildFile section */
		BA2B2A1D251D53FB00066146 /* AppDelegate.swift in Sources */ = {isa = PBXBuildFile; fileRef = BA2B2A1C251D53FB00066146 /* AppDelegate.swift */; };
		BA2B2A1F251D53FB00066146 /* SceneDelegate.swift in Sources */ = {isa = PBXBuildFile; fileRef = BA2B2A1E251D53FB00066146 /* SceneDelegate.swift */; };
		BA2B2A21251D53FB00066146 /* ViewController.swift in Sources */ = {isa = PBXBuildFile; fileRef = BA2B2A20251D53FB00066146 /* ViewController.swift */; };
		BA2B2A24251D53FB00066146 /* Main.storyboard in Resources */ = {isa = PBXBuildFile; fileRef = BA2B2A22251D53FB00066146 /* Main.storyboard */; };
		BA2B2A26251D53FB00066146 /* Assets.xcassets in Resources */ = {isa = PBXBuildFile; fileRef = BA2B2A25251D53FB00066146 /* Assets.xcassets */; };
		BA2B2A29251D53FB00066146 /* LaunchScreen.storyboard in Resources */ = {isa = PBXBuildFile; fileRef = BA2B2A27251D53FB00066146 /* LaunchScreen.storyboard */; };
		BA2B2A33251D547600066146 /* Ctest.c in Sources */ = {isa = PBXBuildFile; fileRef = BA2B2A32251D547600066146 /* Ctest.c */; };
		BA2B2A36251D55D400066146 /* CPPTest.cpp in Sources */ = {isa = PBXBuildFile; fileRef = BA2B2A34251D55D400066146 /* CPPTest.cpp */; };
		BA2B2A38251D56D300066146 /* CPPTest_Wrapper.mm in Sources */ = {isa = PBXBuildFile; fileRef = BA2B2A37251D56D300066146 /* CPPTest_Wrapper.mm */; };
/* End PBXBuildFile section */

/* Begin PBXFileReference section */
		BA2B2A19251D53FB00066146 /* CPPExample2.app */ = {isa = PBXFileReference; explicitFileType = wrapper.application; includeInIndex = 0; path = CPPExample2.app; sourceTree = BUILT_PRODUCTS_DIR; };
		BA2B2A1C251D53FB00066146 /* AppDelegate.swift */ = {isa = PBXFileReference; lastKnownFileType = sourcecode.swift; path = AppDelegate.swift; sourceTree = "<group>"; };
		BA2B2A1E251D53FB00066146 /* SceneDelegate.swift */ = {isa = PBXFileReference; lastKnownFileType = sourcecode.swift; path = SceneDelegate.swift; sourceTree = "<group>"; };
		BA2B2A20251D53FB00066146 /* ViewController.swift */ = {isa = PBXFileReference; lastKnownFileType = sourcecode.swift; path = ViewController.swift; sourceTree = "<group>"; };
		BA2B2A23251D53FB00066146 /* Base */ = {isa = PBXFileReference; lastKnownFileType = file.storyboard; name = Base; path = Base.lproj/Main.storyboard; sourceTree = "<group>"; };
		BA2B2A25251D53FB00066146 /* Assets.xcassets */ = {isa = PBXFileReference; lastKnownFileType = folder.assetcatalog; path = Assets.xcassets; sourceTree = "<group>"; };
		BA2B2A28251D53FB00066146 /* Base */ = {isa = PBXFileReference; lastKnownFileType = file.storyboard; name = Base; path = Base.lproj/LaunchScreen.storyboard; sourceTree = "<group>"; };
		BA2B2A2A251D53FB00066146 /* Info.plist */ = {isa = PBXFileReference; lastKnownFileType = text.plist.xml; path = Info.plist; sourceTree = "<group>"; };
		BA2B2A30251D547500066146 /* CPPExample2-Bridging-Header.h */ = {isa = PBXFileReference; lastKnownFileType = sourcecode.c.h; path = "CPPExample2-Bridging-Header.h"; sourceTree = "<group>"; };
		BA2B2A31251D547600066146 /* Ctest.h */ = {isa = PBXFileReference; lastKnownFileType = sourcecode.c.h; path = Ctest.h; sourceTree = "<group>"; };
		BA2B2A32251D547600066146 /* Ctest.c */ = {isa = PBXFileReference; lastKnownFileType = sourcecode.c.c; path = Ctest.c; sourceTree = "<group>"; };
		BA2B2A34251D55D400066146 /* CPPTest.cpp */ = {isa = PBXFileReference; lastKnownFileType = sourcecode.cpp.cpp; path = CPPTest.cpp; sourceTree = "<group>"; };
		BA2B2A35251D55D400066146 /* CPPTest.hpp */ = {isa = PBXFileReference; lastKnownFileType = sourcecode.cpp.h; path = CPPTest.hpp; sourceTree = "<group>"; };
		BA2B2A37251D56D300066146 /* CPPTest_Wrapper.mm */ = {isa = PBXFileReference; lastKnownFileType = sourcecode.cpp.objcpp; path = CPPTest_Wrapper.mm; sourceTree = "<group>"; };
		BA2B2A39251D56EE00066146 /* CPPTest_Wrapper.h */ = {isa = PBXFileReference; lastKnownFileType = sourcecode.c.h; path = CPPTest_Wrapper.h; sourceTree = "<group>"; };
/* End PBXFileReference section */

/* Begin PBXFrameworksBuildPhase section */
		BA2B2A16251D53FB00066146 /* Frameworks */ = {
			isa = PBXFrameworksBuildPhase;
			buildActionMask = 2147483647;
			files = (
			);
			runOnlyForDeploymentPostprocessing = 0;
		};
/* End PBXFrameworksBuildPhase section */

/* Begin PBXGroup section */
		BA2B2A10251D53FB00066146 = {
			isa = PBXGroup;
			children = (
				BA2B2A1B251D53FB00066146 /* CPPExample2 */,
				BA2B2A1A251D53FB00066146 /* Products */,
			);
			sourceTree = "<group>";
		};
		BA2B2A1A251D53FB00066146 /* Products */ = {
			isa = PBXGroup;
			children = (
				BA2B2A19251D53FB00066146 /* CPPExample2.app */,
			);
			name = Products;
			sourceTree = "<group>";
		};
		BA2B2A1B251D53FB00066146 /* CPPExample2 */ = {
			isa = PBXGroup;
			children = (
				BA2B2A1C251D53FB00066146 /* AppDelegate.swift */,
				BA2B2A1E251D53FB00066146 /* SceneDelegate.swift */,
				BA2B2A20251D53FB00066146 /* ViewController.swift */,
				BA2B2A34251D55D400066146 /* CPPTest.cpp */,
				BA2B2A37251D56D300066146 /* CPPTest_Wrapper.mm */,
				BA2B2A39251D56EE00066146 /* CPPTest_Wrapper.h */,
				BA2B2A35251D55D400066146 /* CPPTest.hpp */,
				BA2B2A31251D547600066146 /* Ctest.h */,
				BA2B2A32251D547600066146 /* Ctest.c */,
				BA2B2A22251D53FB00066146 /* Main.storyboard */,
				BA2B2A25251D53FB00066146 /* Assets.xcassets */,
				BA2B2A27251D53FB00066146 /* LaunchScreen.storyboard */,
				BA2B2A2A251D53FB00066146 /* Info.plist */,
				BA2B2A30251D547500066146 /* CPPExample2-Bridging-Header.h */,
			);
			path = CPPExample2;
			sourceTree = "<group>";
		};
/* End PBXGroup section */

/* Begin PBXNativeTarget section */
		BA2B2A18251D53FB00066146 /* CPPExample2 */ = {
			isa = PBXNativeTarget;
			buildConfigurationList = BA2B2A2D251D53FB00066146 /* Build configuration list for PBXNativeTarget "CPPExample2" */;
			buildPhases = (
				BA2B2A15251D53FB00066146 /* Sources */,
				BA2B2A16251D53FB00066146 /* Frameworks */,
				BA2B2A17251D53FB00066146 /* Resources */,
			);
			buildRules = (
			);
			dependencies = (
			);
			name = CPPExample2;
			productName = CPPExample2;
			productReference = BA2B2A19251D53FB00066146 /* CPPExample2.app */;
			productType = "com.apple.product-type.application";
		};
/* End PBXNativeTarget section */

/* Begin PBXProject section */
		BA2B2A11251D53FB00066146 /* Project object */ = {
			isa = PBXProject;
			attributes = {
				LastSwiftUpdateCheck = 1170;
				LastUpgradeCheck = 1170;
				ORGANIZATIONNAME = Tolerance;
				TargetAttributes = {
					BA2B2A18251D53FB00066146 = {
						CreatedOnToolsVersion = 11.7;
						LastSwiftMigration = 1170;
					};
				};
			};
			buildConfigurationList = BA2B2A14251D53FB00066146 /* Build configuration list for PBXProject "CPPExample2" */;
			compatibilityVersion = "Xcode 9.3";
			developmentRegion = en;
			hasScannedForEncodings = 0;
			knownRegions = (
				en,
				Base,
			);
			mainGroup = BA2B2A10251D53FB00066146;
			productRefGroup = BA2B2A1A251D53FB00066146 /* Products */;
			projectDirPath = "";
			projectRoot = "";
			targets = (
				BA2B2A18251D53FB00066146 /* CPPExample2 */,
			);
		};
/* End PBXProject section */

/* Begin PBXResourcesBuildPhase section */
		BA2B2A17251D53FB00066146 /* Resources */ = {
			isa = PBXResourcesBuildPhase;
			buildActionMask = 2147483647;
			files = (
				BA2B2A29251D53FB00066146 /* LaunchScreen.storyboard in Resources */,
				BA2B2A26251D53FB00066146 /* Assets.xcassets in Resources */,
				BA2B2A24251D53FB00066146 /* Main.storyboard in Resources */,
			);
			runOnlyForDeploymentPostprocessing = 0;
		};
/* End PBXResourcesBuildPhase section */

/* Begin PBXSourcesBuildPhase section */
		BA2B2A15251D53FB00066146 /* Sources */ = {
			isa = PBXSourcesBuildPhase;
			buildActionMask = 2147483647;
			files = (
				BA2B2A21251D53FB00066146 /* ViewController.swift in Sources */,
				BA2B2A1D251D53FB00066146 /* AppDelegate.swift in Sources */,
				BA2B2A36251D55D400066146 /* CPPTest.cpp in Sources */,
				BA2B2A1F251D53FB00066146 /* SceneDelegate.swift in Sources */,
				BA2B2A33251D547600066146 /* Ctest.c in Sources */,
				BA2B2A38251D56D300066146 /* CPPTest_Wrapper.mm in Sources */,
			);
			runOnlyForDeploymentPostprocessing = 0;
		};
/* End PBXSourcesBuildPhase section */

/* Begin PBXVariantGroup section */
		BA2B2A22251D53FB00066146 /* Main.storyboard */ = {
			isa = PBXVariantGroup;
			children = (
				BA2B2A23251D53FB00066146 /* Base */,
			);
			name = Main.storyboard;
			sourceTree = "<group>";
		};
		BA2B2A27251D53FB00066146 /* LaunchScreen.storyboard */ = {
			isa = PBXVariantGroup;
			children = (
				BA2B2A28251D53FB00066146 /* Base */,
			);
			name = LaunchScreen.storyboard;
			sourceTree = "<group>";
		};
/* End PBXVariantGroup section */

/* Begin XCBuildConfiguration section */
		BA2B2A2B251D53FB00066146 /* Debug */ = {
			isa = XCBuildConfiguration;
			buildSettings = {
				ALWAYS_SEARCH_USER_PATHS = NO;
				CLANG_ANALYZER_NONNULL = YES;
				CLANG_ANALYZER_NUMBER_OBJECT_CONVERSION = YES_AGGRESSIVE;
				CLANG_CXX_LANGUAGE_STANDARD = "gnu++14";
				CLANG_CXX_LIBRARY = "libc++";
				CLANG_ENABLE_MODULES = YES;
				CLANG_ENABLE_OBJC_ARC = YES;
				CLANG_ENABLE_OBJC_WEAK = YES;
				CLANG_WARN_BLOCK_CAPTURE_AUTORELEASING = YES;
				CLANG_WARN_BOOL_CONVERSION = YES;
				CLANG_WARN_COMMA = YES;
				CLANG_WARN_CONSTANT_CONVERSION = YES;
				CLANG_WARN_DEPRECATED_OBJC_IMPLEMENTATIONS = YES;
				CLANG_WARN_DIRECT_OBJC_ISA_USAGE = YES_ERROR;
				CLANG_WARN_DOCUMENTATION_COMMENTS = YES;
				CLANG_WARN_EMPTY_BODY = YES;
				CLANG_WARN_ENUM_CONVERSION = YES;
				CLANG_WARN_INFINITE_RECURSION = YES;
				CLANG_WARN_INT_CONVERSION = YES;
				CLANG_WARN_NON_LITERAL_NULL_CONVERSION = YES;
				CLANG_WARN_OBJC_IMPLICIT_RETAIN_SELF = YES;
				CLANG_WARN_OBJC_LITERAL_CONVERSION = YES;
				CLANG_WARN_OBJC_ROOT_CLASS = YES_ERROR;
				CLANG_WARN_RANGE_LOOP_ANALYSIS = YES;
				CLANG_WARN_STRICT_PROTOTYPES = YES;
				CLANG_WARN_SUSPICIOUS_MOVE = YES;
				CLANG_WARN_UNGUARDED_AVAILABILITY = YES_AGGRESSIVE;
				CLANG_WARN_UNREACHABLE_CODE = YES;
				CLANG_WARN__DUPLICATE_METHOD_MATCH = YES;
				COPY_PHASE_STRIP = NO;
				DEBUG_INFORMATION_FORMAT = dwarf;
				ENABLE_STRICT_OBJC_MSGSEND = YES;
				ENABLE_TESTABILITY = YES;
				GCC_C_LANGUAGE_STANDARD = gnu11;
				GCC_DYNAMIC_NO_PIC = NO;
				GCC_NO_COMMON_BLOCKS = YES;
				GCC_OPTIMIZATION_LEVEL = 0;
				GCC_PREPROCESSOR_DEFINITIONS = (
					"DEBUG=1",
					"$(inherited)",
				);
				GCC_WARN_64_TO_32_BIT_CONVERSION = YES;
				GCC_WARN_ABOUT_RETURN_TYPE = YES_ERROR;
				GCC_WARN_UNDECLARED_SELECTOR = YES;
				GCC_WARN_UNINITIALIZED_AUTOS = YES_AGGRESSIVE;
				GCC_WARN_UNUSED_FUNCTION = YES;
				GCC_WARN_UNUSED_VARIABLE = YES;
				IPHONEOS_DEPLOYMENT_TARGET = 13.7;
				MTL_ENABLE_DEBUG_INFO = INCLUDE_SOURCE;
				MTL_FAST_MATH = YES;
				ONLY_ACTIVE_ARCH = YES;
				SDKROOT = iphoneos;
				SWIFT_ACTIVE_COMPILATION_CONDITIONS = DEBUG;
				SWIFT_OPTIMIZATION_LEVEL = "-Onone";
			};
			name = Debug;
		};
		BA2B2A2C251D53FB00066146 /* Release */ = {
			isa = XCBuildConfiguration;
			buildSettings = {
				ALWAYS_SEARCH_USER_PATHS = NO;
				CLANG_ANALYZER_NONNULL = YES;
				CLANG_ANALYZER_NUMBER_OBJECT_CONVERSION = YES_AGGRESSIVE;
				CLANG_CXX_LANGUAGE_STANDARD = "gnu++14";
				CLANG_CXX_LIBRARY = "libc++";
				CLANG_ENABLE_MODULES = YES;
				CLANG_ENABLE_OBJC_ARC = YES;
				CLANG_ENABLE_OBJC_WEAK = YES;
				CLANG_WARN_BLOCK_CAPTURE_AUTORELEASING = YES;
				CLANG_WARN_BOOL_CONVERSION = YES;
				CLANG_WARN_COMMA = YES;
				CLANG_WARN_CONSTANT_CONVERSION = YES;
				CLANG_WARN_DEPRECATED_OBJC_IMPLEMENTATIONS = YES;
				CLANG_WARN_DIRECT_OBJC_ISA_USAGE = YES_ERROR;
				CLANG_WARN_DOCUMENTATION_COMMENTS = YES;
				CLANG_WARN_EMPTY_BODY = YES;
				CLANG_WARN_ENUM_CONVERSION = YES;
				CLANG_WARN_INFINITE_RECURSION = YES;
				CLANG_WARN_INT_CONVERSION = YES;
				CLANG_WARN_NON_LITERAL_NULL_CONVERSION = YES;
				CLANG_WARN_OBJC_IMPLICIT_RETAIN_SELF = YES;
				CLANG_WARN_OBJC_LITERAL_CONVERSION = YES;
				CLANG_WARN_OBJC_ROOT_CLASS = YES_ERROR;
				CLANG_WARN_RANGE_LOOP_ANALYSIS = YES;
				CLANG_WARN_STRICT_PROTOTYPES = YES;
				CLANG_WARN_SUSPICIOUS_MOVE = YES;
				CLANG_WARN_UNGUARDED_AVAILABILITY = YES_AGGRESSIVE;
				CLANG_WARN_UNREACHABLE_CODE = YES;
				CLANG_WARN__DUPLICATE_METHOD_MATCH = YES;
				COPY_PHASE_STRIP = NO;
				DEBUG_INFORMATION_FORMAT = "dwarf-with-dsym";
				ENABLE_NS_ASSERTIONS = NO;
				ENABLE_STRICT_OBJC_MSGSEND = YES;
				GCC_C_LANGUAGE_STANDARD = gnu11;
				GCC_NO_COMMON_BLOCKS = YES;
				GCC_WARN_64_TO_32_BIT_CONVERSION = YES;
				GCC_WARN_ABOUT_RETURN_TYPE = YES_ERROR;
				GCC_WARN_UNDECLARED_SELECTOR = YES;
				GCC_WARN_UNINITIALIZED_AUTOS = YES_AGGRESSIVE;
				GCC_WARN_UNUSED_FUNCTION = YES;
				GCC_WARN_UNUSED_VARIABLE = YES;
				IPHONEOS_DEPLOYMENT_TARGET = 13.7;
				MTL_ENABLE_DEBUG_INFO = NO;
				MTL_FAST_MATH = YES;
				SDKROOT = iphoneos;
				SWIFT_COMPILATION_MODE = wholemodule;
				SWIFT_OPTIMIZATION_LEVEL = "-O";
				VALIDATE_PRODUCT = YES;
			};
			name = Release;
		};
		BA2B2A2E251D53FB00066146 /* Debug */ = {
			isa = XCBuildConfiguration;
			buildSettings = {
				ASSETCATALOG_COMPILER_APPICON_NAME = AppIcon;
				CLANG_ENABLE_MODULES = YES;
				CODE_SIGN_STYLE = Automatic;
				INFOPLIST_FILE = CPPExample2/Info.plist;
				LD_RUNPATH_SEARCH_PATHS = (
					"$(inherited)",
					"@executable_path/Frameworks",
				);
				PRODUCT_BUNDLE_IDENTIFIER = com.tolerance.CPPExample2;
				PRODUCT_NAME = "$(TARGET_NAME)";
				SWIFT_OBJC_BRIDGING_HEADER = "CPPExample2/CPPExample2-Bridging-Header.h";
				SWIFT_OPTIMIZATION_LEVEL = "-Onone";
				SWIFT_VERSION = 5.0;
				TARGETED_DEVICE_FAMILY = "1,2";
			};
			name = Debug;
		};
		BA2B2A2F251D53FB00066146 /* Release */ = {
			isa = XCBuildConfiguration;
			buildSettings = {
				ASSETCATALOG_COMPILER_APPICON_NAME = AppIcon;
				CLANG_ENABLE_MODULES = YES;
				CODE_SIGN_STYLE = Automatic;
				INFOPLIST_FILE = CPPExample2/Info.plist;
				LD_RUNPATH_SEARCH_PATHS = (
					"$(inherited)",
					"@executable_path/Frameworks",
				);
				PRODUCT_BUNDLE_IDENTIFIER = com.tolerance.CPPExample2;
				PRODUCT_NAME = "$(TARGET_NAME)";
				SWIFT_OBJC_BRIDGING_HEADER = "CPPExample2/CPPExample2-Bridging-Header.h";
				SWIFT_VERSION = 5.0;
				TARGETED_DEVICE_FAMILY = "1,2";
			};
			name = Release;
		};
/* End XCBuildConfiguration section */

/* Begin XCConfigurationList section */
		BA2B2A14251D53FB00066146 /* Build configuration list for PBXProject "CPPExample2" */ = {
			isa = XCConfigurationList;
			buildConfigurations = (
				BA2B2A2B251D53FB00066146 /* Debug */,
				BA2B2A2C251D53FB00066146 /* Release */,
			);
			defaultConfigurationIsVisible = 0;
			defaultConfigurationName = Release;
		};
		BA2B2A2D251D53FB00066146 /* Build configuration list for PBXNativeTarget "CPPExample2" */ = {
			isa = XCConfigurationList;
			buildConfigurations = (
				BA2B2A2E251D53FB00066146 /* Debug */,
				BA2B2A2F251D53FB00066146 /* Release */,
			);
			defaultConfigurationIsVisible = 0;
			defaultConfigurationName = Release;
		};
/* End XCConfigurationList section */
	};
	rootObject = BA2B2A11251D53FB00066146 /* Project object */;
}
